
Microsoft Visual Studio Solution File, Format Version 12.00
# Visual Studio Version 16
VisualStudioVersion = 16.0.29709.97
MinimumVisualStudioVersion = 10.0.40219.1
Project("{FAE04EC0-301F-11D3-BF4B-00C04F79EFBC}") = "Zadanie0", "Zadanie0\Zadanie0.csproj", "{A629DCDA-73A1-4065-92A2-C8B649287E27}"
EndProject
Global
	GlobalSection(SolutionConfigurationPlatforms) = preSolution
		Debug|Any CPU = Debug|Any CPU
		Release|Any CPU = Release|Any CPU
	EndGlobalSection
	GlobalSection(ProjectConfigurationPlatforms) = postSolution
		{A629DCDA-73A1-4065-92A2-C8B649287E27}.Debug|Any CPU.ActiveCfg = Debug|Any CPU
		{A629DCDA-73A1-4065-92A2-C8B649287E27}.Debug|Any CPU.Build.0 = Debug|Any CPU
		{A629DCDA-73A1-4065-92A2-C8B649287E27}.Release|Any CPU.ActiveCfg = Release|Any CPU
		{A629DCDA-73A1-4065-92A2-C8B649287E27}.Release|Any CPU.Build.0 = Release|Any CPU
	EndGlobalSection
	GlobalSection(SolutionProperties) = preSolution
		HideSolutionNode = FALSE
	EndGlobalSection
	GlobalSection(ExtensibilityGlobals) = postSolution
		SolutionGuid = {12D08993-8201-42EF-ABC7-50EB29213709}
	EndGlobalSection
EndGlobal
